Microsoft Visual Studio Solution File, Format Version 12.00
# Visual Studio Version 17
VisualStudioVersion = 17.0.31903.59
MinimumVisualStudioVersion = 10.0.40219.1
Project("{2150E333-8FDC-42A3-9474-1A3956D46DE8}") = "src", "src", "{5C5C1E38-A09E-4F95-B668-02F17D453D95}"
EndProject
Project("{2150E333-8FDC-42A3-9474-1A3956D46DE8}") = "BuildingBlocks", "BuildingBlocks", "{D5943F93-BB90-4E56-8F01-1E92C3A7D244}"
EndProject
Project("{FAE04EC0-301F-11D3-BF4B-00C04F79EFBC}") = "SwiftCart.BuildingBlocks", "src\BuildingBlocks\SwiftCart.BuildingBlocks\SwiftCart.BuildingBlocks.csproj", "{B3BA0F11-5166-4B35-BA2F-5E3E0E3D5B2F}"
EndProject
Project("{FAE04EC0-301F-11D3-BF4B-00C04F79EFBC}") = "SwiftCart.BuildingBlocks.Auth", "src\BuildingBlocks\SwiftCart.BuildingBlocks.Auth\SwiftCart.BuildingBlocks.Auth.csproj", "{C4E7D0D1-F3A9-4B3E-8C1E-5B5E5E5E5E5E}"
EndProject
Project("{FAE04EC0-301F-11D3-BF4B-00C04F79EFBC}") = "SwiftCart.BuildingBlocks.Common", "src\BuildingBlocks\SwiftCart.BuildingBlocks.Common\SwiftCart.BuildingBlocks.Common.csproj", "{D5E7D0D1-F3A9-4B3E-8C1E-5B5E5E5E5E5E}"
EndProject
Project("{FAE04EC0-301F-11D3-BF4B-00C04F79EFBC}") = "SwiftCart.BuildingBlocks.Configuration", "src\BuildingBlocks\SwiftCart.BuildingBlocks.Configuration\SwiftCart.BuildingBlocks.Configuration.csproj", "{E6E7D0D1-F3A9-4B3E-8C1E-5B5E5E5E5E5E}"
EndProject
Project("{FAE04EC0-301F-11D3-BF4B-00C04F79EFBC}") = "SwiftCart.BuildingBlocks.ErrorHandling", "src\BuildingBlocks\SwiftCart.BuildingBlocks.ErrorHandling\SwiftCart.BuildingBlocks.ErrorHandling.csproj", "{F7E7D0D1-F3A9-4B3E-8C1E-5B5E5E5E5E5E}"
EndProject
Project("{FAE04EC0-301F-11D3-BF4B-00C04F79EFBC}") = "SwiftCart.BuildingBlocks.HealthChecks", "src\BuildingBlocks\SwiftCart.BuildingBlocks.HealthChecks\SwiftCart.BuildingBlocks.HealthChecks.csproj", "{0744C7FD-CA5E-435D-B828-D1E00A9806B3}"
EndProject
Project("{FAE04EC0-301F-11D3-BF4B-00C04F79EFBC}") = "SwiftCart.BuildingBlocks.Logging", "src\BuildingBlocks\SwiftCart.BuildingBlocks.Logging\SwiftCart.BuildingBlocks.Logging.csproj", "{E3DFAF6D-3760-4879-A42F-24A051778D20}"
EndProject
Project("{FAE04EC0-301F-11D3-BF4B-00C04F79EFBC}") = "SwiftCart.BuildingBlocks.Resilience", "src\BuildingBlocks\SwiftCart.BuildingBlocks.Resilience\SwiftCart.BuildingBlocks.Resilience.csproj", "{A1839C75-BDFF-417C-ACF3-552C481185D2}"
EndProject
Project("{2150E333-8FDC-42A3-9474-1A3956D46DE8}") = "Services", "Services", "{A1943F93-BB90-4E56-8F01-1E92C3A7D244}"
EndProject
Project("{2150E333-8FDC-42A3-9474-1A3956D46DE8}") = "Cart", "Cart", "{B2943F93-BB90-4E56-8F01-1E92C3A7D244}"
EndProject
Project("{FAE04EC0-301F-11D3-BF4B-00C04F79EFBC}") = "SwiftCart.Cart.Api", "src\Services\Cart\SwiftCart.Cart.Api\SwiftCart.Cart.Api.csproj", "{6EF15204-797A-43F6-BCA0-B8689F032AC2}"
EndProject
Project("{FAE04EC0-301F-11D3-BF4B-00C04F79EFBC}") = "SwiftCart.Cart.Application", "src\Services\Cart\SwiftCart.Cart.Application\SwiftCart.Cart.Application.csproj", "{E9B95FC5-3405-424B-818E-C97373DC7B40}"
EndProject
Project("{FAE04EC0-301F-11D3-BF4B-00C04F79EFBC}") = "SwiftCart.Cart.Domain", "src\Services\Cart\SwiftCart.Cart.Domain\SwiftCart.Cart.Domain.csproj", "{4FD227D5-F3FA-42A9-B344-6D52923BD293}"
EndProject
Project("{FAE04EC0-301F-11D3-BF4B-00C04F79EFBC}") = "SwiftCart.Cart.Infrastructure", "src\Services\Cart\SwiftCart.Cart.Infrastructure\SwiftCart.Cart.Infrastructure.csproj", "{B73F2EFA-9530-41FC-9E9F-5FE08F8FCF06}"
EndProject
Project("{2150E333-8FDC-42A3-9474-1A3956D46DE8}") = "Order", "Order", "{C3943F93-BB90-4E56-8F01-1E92C3A7D244}"
EndProject
Project("{FAE04EC0-301F-11D3-BF4B-00C04F79EFBC}") = "SwiftCart.Order.Api", "src\Services\Order\SwiftCart.Order.Api\SwiftCart.Order.Api.csproj", "{741D6F71-CF37-4531-BD8C-615108919E3D}"
EndProject
Project("{FAE04EC0-301F-11D3-BF4B-00C04F79EFBC}") = "SwiftCart.Order.Application", "src\Services\Order\SwiftCart.Order.Application\SwiftCart.Order.Application.csproj", "{540118F7-8423-44B1-80FF-AB85A1997BE7}"
EndProject
Project("{FAE04EC0-301F-11D3-BF4B-00C04F79EFBC}") = "SwiftCart.Order.Domain", "src\Services\Order\SwiftCart.Order.Domain\SwiftCart.Order.Domain.csproj", "{D0D0333E-C5CA-43F4-985C-5A67ABC0CEB8}"
EndProject
Project("{FAE04EC0-301F-11D3-BF4B-00C04F79EFBC}") = "SwiftCart.Order.Infrastructure", "src\Services\Order\SwiftCart.Order.Infrastructure\SwiftCart.Order.Infrastructure.csproj", "{AFCD77A5-1805-4CAB-AC58-27EF707FE117}"
EndProject
Project("{2150E333-8FDC-42A3-9474-1A3956D46DE8}") = "Product", "Product", "{D4943F93-BB90-4E56-8F01-1E92C3A7D244}"
EndProject
Project("{FAE04EC0-301F-11D3-BF4B-00C04F79EFBC}") = "SwiftCart.Product.Api", "src\Services\Product\SwiftCart.Product.Api\SwiftCart.Product.Api.csproj", "{C040EAA0-86DD-403C-9624-6F7F7E869CC1}"
EndProject
Project("{FAE04EC0-301F-11D3-BF4B-00C04F79EFBC}") = "SwiftCart.Product.Application", "src\Services\Product\SwiftCart.Product.Application\SwiftCart.Product.Application.csproj", "{E5C1F4BF-D9AA-4D76-B6C2-54C18ADF8E02}"
EndProject
Project("{FAE04EC0-301F-11D3-BF4B-00C04F79EFBC}") = "SwiftCart.Product.Domain", "src\Services\Product\SwiftCart.Product.Domain\SwiftCart.Product.Domain.csproj", "{8B0682B9-DB9D-4F42-892F-6FD22F6A1663}"
EndProject
Project("{FAE04EC0-301F-11D3-BF4B-00C04F79EFBC}") = "SwiftCart.Product.Infrastructure", "src\Services\Product\SwiftCart.Product.Infrastructure\SwiftCart.Product.Infrastructure.csproj", "{63348A8A-AD46-47F6-B4B6-BDB221465C72}"
EndProject
Project("{2150E333-8FDC-42A3-9474-1A3956D46DE8}") = "User", "User", "{02EA681E-C7D8-13C7-8484-4AC65E1B71E8}"
EndProject
Project("{FAE04EC0-301F-11D3-BF4B-00C04F79EFBC}") = "SwiftCart.User.Api", "src\Services\User\SwiftCart.User.Api\SwiftCart.User.Api.csproj", "{F7690B05-39F5-6EE2-CDB3-F09F7E29AA16}"
EndProject
Project("{FAE04EC0-301F-11D3-BF4B-00C04F79EFBC}") = "SwiftCart.User.Application", "src\Services\User\SwiftCart.User.Application\SwiftCart.User.Application.csproj", "{234970CE-1C69-477F-1CE5-4E018823EEA7}"
EndProject
Project("{FAE04EC0-301F-11D3-BF4B-00C04F79EFBC}") = "SwiftCart.User.Domain", "src\Services\User\SwiftCart.User.Domain\SwiftCart.User.Domain.csproj", "{52902123-BDDE-9FCF-1DFF-0C737301F787}"
EndProject
Project("{FAE04EC0-301F-11D3-BF4B-00C04F79EFBC}") = "SwiftCart.User.Infrastructure", "src\Services\User\SwiftCart.User.Infrastructure\SwiftCart.User.Infrastructure.csproj", "{743D22BB-181E-7FDF-0362-48C758E5A8AB}"
EndProject
Project("{2150E333-8FDC-42A3-9474-1A3956D46DE8}") = "Notification", "Notification", "{9D998E6D-AE7E-41C9-84AC-16903C41D9F2}"
EndProject
Project("{FAE04EC0-301F-11D3-BF4B-00C04F79EFBC}") = "SwiftCart.Notification.Api", "src\Services\Notification\SwiftCart.Notification.Api\SwiftCart.Notification.Api.csproj", "{55DBED55-F915-8076-9094-02B9BFC745E4}"
EndProject
Project("{FAE04EC0-301F-11D3-BF4B-00C04F79EFBC}") = "SwiftCart.Notification.Application", "src\Services\Notification\SwiftCart.Notification.Application\SwiftCart.Notification.Application.csproj", "{70DC4E8D-27E9-EDD9-8E47-4BE8842F346D}"
EndProject
Project("{FAE04EC0-301F-11D3-BF4B-00C04F79EFBC}") = "SwiftCart.Notification.Domain", "src\Services\Notification\SwiftCart.Notification.Domain\SwiftCart.Notification.Domain.csproj", "{3AD1778E-E3A2-80D6-BA43-095B6D54EC83}"
EndProject
Project("{FAE04EC0-301F-11D3-BF4B-00C04F79EFBC}") = "SwiftCart.Notification.Infrastructure", "src\Services\Notification\SwiftCart.Notification.Infrastructure\SwiftCart.Notification.Infrastructure.csproj", "{C14D8017-B67F-6668-93D6-AA30D89CEF32}"
EndProject
Project("{2150E333-8FDC-42A3-9474-1A3956D46DE8}") = "Integration", "Integration", "{FD86D80E-19EE-4625-B446-B5CD7F201E53}"
EndProject
Project("{FAE04EC0-301F-11D3-BF4B-00C04F79EFBC}") = "SwiftCart.Integration.Api", "src\Services\Integration\SwiftCart.Integration.Api\SwiftCart.Integration.Api.csproj", "{BCAE5AA0-4E60-5C5E-90BC-13A3FE6F7C62}"
EndProject
Project("{FAE04EC0-301F-11D3-BF4B-00C04F79EFBC}") = "SwiftCart.Integration.Application", "src\Services\Integration\SwiftCart.Integration.Application\SwiftCart.Integration.Application.csproj", "{CE33CBC4-449A-1B86-0DD8-BDC7DD120109}"
EndProject
Project("{FAE04EC0-301F-11D3-BF4B-00C04F79EFBC}") = "SwiftCart.Integration.Domain", "src\Services\Integration\SwiftCart.Integration.Domain\SwiftCart.Integration.Domain.csproj", "{73125FC5-8468-3B26-5D3A-B23A788BFBEB}"
EndProject
Project("{FAE04EC0-301F-11D3-BF4B-00C04F79EFBC}") = "SwiftCart.Integration.Infrastructure", "src\Services\Integration\SwiftCart.Integration.Infrastructure\SwiftCart.Integration.Infrastructure.csproj", "{7B2DECE9-D834-3474-A782-648301277228}"
EndProject
Project("{2150E333-8FDC-42A3-9474-1A3956D46DE8}") = "ApiGateways", "ApiGateways", "{CC61EC89-1A91-4C68-ABF6-93EB269E5CE3}"
EndProject
Project("{FAE04EC0-301F-11D3-BF4B-00C04F79EFBC}") = "SwiftCart.ApiGateway", "src\ApiGateways\SwiftCart.ApiGateway\SwiftCart.ApiGateway.csproj", "{3ED2FEB8-A5CF-4C8D-893E-B306F19054FE}"
EndProject
Project("{2150E333-8FDC-42A3-9474-1A3956D46DE8}") = "Frontend", "Frontend", "{D84BBD85-599F-4A9A-BC15-AA1A43CE7A35}"
EndProject
Project("{54A90642-561A-4BB1-A94E-469ADEE60C69}") = "swiftcart.frontend", "src\Frontend\SwiftCart.Frontend\swiftcart.frontend.esproj", "{0039822E-89B6-D486-39C9-3E5F6929D315}"
EndProject
Global
	GlobalSection(SolutionConfigurationPlatforms) = preSolution
		Debug|Any CPU = Debug|Any CPU
		Release|Any CPU = Release|Any CPU
	EndGlobalSection
	GlobalSection(ProjectConfigurationPlatforms) = postSolution
		{B3BA0F11-5166-4B35-BA2F-5E3E0E3D5B2F}.Debug|Any CPU.ActiveCfg = Debug|Any CPU
		{B3BA0F11-5166-4B35-BA2F-5E3E0E3D5B2F}.Debug|Any CPU.Build.0 = Debug|Any CPU
		{B3BA0F11-5166-4B35-BA2F-5E3E0E3D5B2F}.Release|Any CPU.ActiveCfg = Release|Any CPU
		{B3BA0F11-5166-4B35-BA2F-5E3E0E3D5B2F}.Release|Any CPU.Build.0 = Release|Any CPU
		{C4E7D0D1-F3A9-4B3E-8C1E-5B5E5E5E5E5E}.Debug|Any CPU.ActiveCfg = Debug|Any CPU
		{C4E7D0D1-F3A9-4B3E-8C1E-5B5E5E5E5E5E}.Debug|Any CPU.Build.0 = Debug|Any CPU
		{C4E7D0D1-F3A9-4B3E-8C1E-5B5E5E5E5E5E}.Release|Any CPU.ActiveCfg = Release|Any CPU
		{C4E7D0D1-F3A9-4B3E-8C1E-5B5E5E5E5E5E}.Release|Any CPU.Build.0 = Release|Any CPU
		{D5E7D0D1-F3A9-4B3E-8C1E-5B5E5E5E5E5E}.Debug|Any CPU.ActiveCfg = Debug|Any CPU
		{D5E7D0D1-F3A9-4B3E-8C1E-5B5E5E5E5E5E}.Debug|Any CPU.Build.0 = Debug|Any CPU
		{D5E7D0D1-F3A9-4B3E-8C1E-5B5E5E5E5E5E}.Release|Any CPU.ActiveCfg = Release|Any CPU
		{D5E7D0D1-F3A9-4B3E-8C1E-5B5E5E5E5E5E}.Release|Any CPU.Build.0 = Release|Any CPU
		{E6E7D0D1-F3A9-4B3E-8C1E-5B5E5E5E5E5E}.Debug|Any CPU.ActiveCfg = Debug|Any CPU
		{E6E7D0D1-F3A9-4B3E-8C1E-5B5E5E5E5E5E}.Debug|Any CPU.Build.0 = Debug|Any CPU
		{E6E7D0D1-F3A9-4B3E-8C1E-5B5E5E5E5E5E}.Release|Any CPU.ActiveCfg = Release|Any CPU
		{E6E7D0D1-F3A9-4B3E-8C1E-5B5E5E5E5E5E}.Release|Any CPU.Build.0 = Release|Any CPU
		{F7E7D0D1-F3A9-4B3E-8C1E-5B5E5E5E5E5E}.Debug|Any CPU.ActiveCfg = Debug|Any CPU
		{F7E7D0D1-F3A9-4B3E-8C1E-5B5E5E5E5E5E}.Debug|Any CPU.Build.0 = Debug|Any CPU
		{F7E7D0D1-F3A9-4B3E-8C1E-5B5E5E5E5E5E}.Release|Any CPU.ActiveCfg = Release|Any CPU
		{F7E7D0D1-F3A9-4B3E-8C1E-5B5E5E5E5E5E}.Release|Any CPU.Build.0 = Release|Any CPU
		{0744C7FD-CA5E-435D-B828-D1E00A9806B3}.Debug|Any CPU.ActiveCfg = Debug|Any CPU
		{0744C7FD-CA5E-435D-B828-D1E00A9806B3}.Debug|Any CPU.Build.0 = Debug|Any CPU
		{0744C7FD-CA5E-435D-B828-D1E00A9806B3}.Release|Any CPU.ActiveCfg = Release|Any CPU
		{0744C7FD-CA5E-435D-B828-D1E00A9806B3}.Release|Any CPU.Build.0 = Release|Any CPU
		{E3DFAF6D-3760-4879-A42F-24A051778D20}.Debug|Any CPU.ActiveCfg = Debug|Any CPU
		{E3DFAF6D-3760-4879-A42F-24A051778D20}.Debug|Any CPU.Build.0 = Debug|Any CPU
		{E3DFAF6D-3760-4879-A42F-24A051778D20}.Release|Any CPU.ActiveCfg = Release|Any CPU
		{E3DFAF6D-3760-4879-A42F-24A051778D20}.Release|Any CPU.Build.0 = Release|Any CPU
		{A1839C75-BDFF-417C-ACF3-552C481185D2}.Debug|Any CPU.ActiveCfg = Debug|Any CPU
		{A1839C75-BDFF-417C-ACF3-552C481185D2}.Debug|Any CPU.Build.0 = Debug|Any CPU
		{A1839C75-BDFF-417C-ACF3-552C481185D2}.Release|Any CPU.ActiveCfg = Release|Any CPU
		{A1839C75-BDFF-417C-ACF3-552C481185D2}.Release|Any CPU.Build.0 = Release|Any CPU
		{6EF15204-797A-43F6-BCA0-B8689F032AC2}.Debug|Any CPU.ActiveCfg = Debug|Any CPU
		{6EF15204-797A-43F6-BCA0-B8689F032AC2}.Debug|Any CPU.Build.0 = Debug|Any CPU
		{6EF15204-797A-43F6-BCA0-B8689F032AC2}.Release|Any CPU.ActiveCfg = Release|Any CPU
		{6EF15204-797A-43F6-BCA0-B8689F032AC2}.Release|Any CPU.Build.0 = Release|Any CPU
		{E9B95FC5-3405-424B-818E-C97373DC7B40}.Debug|Any CPU.ActiveCfg = Debug|Any CPU
		{E9B95FC5-3405-424B-818E-C97373DC7B40}.Debug|Any CPU.Build.0 = Debug|Any CPU
		{E9B95FC5-3405-424B-818E-C97373DC7B40}.Release|Any CPU.ActiveCfg = Release|Any CPU
		{E9B95FC5-3405-424B-818E-C97373DC7B40}.Release|Any CPU.Build.0 = Release|Any CPU
		{4FD227D5-F3FA-42A9-B344-6D52923BD293}.Debug|Any CPU.ActiveCfg = Debug|Any CPU
		{4FD227D5-F3FA-42A9-B344-6D52923BD293}.Debug|Any CPU.Build.0 = Debug|Any CPU
		{4FD227D5-F3FA-42A9-B344-6D52923BD293}.Release|Any CPU.ActiveCfg = Release|Any CPU
		{4FD227D5-F3FA-42A9-B344-6D52923BD293}.Release|Any CPU.Build.0 = Release|Any CPU
		{B73F2EFA-9530-41FC-9E9F-5FE08F8FCF06}.Debug|Any CPU.ActiveCfg = Debug|Any CPU
		{B73F2EFA-9530-41FC-9E9F-5FE08F8FCF06}.Debug|Any CPU.Build.0 = Debug|Any CPU
		{B73F2EFA-9530-41FC-9E9F-5FE08F8FCF06}.Release|Any CPU.ActiveCfg = Release|Any CPU
		{B73F2EFA-9530-41FC-9E9F-5FE08F8FCF06}.Release|Any CPU.Build.0 = Release|Any CPU
		{741D6F71-CF37-4531-BD8C-615108919E3D}.Debug|Any CPU.ActiveCfg = Debug|Any CPU
		{741D6F71-CF37-4531-BD8C-615108919E3D}.Debug|Any CPU.Build.0 = Debug|Any CPU
		{741D6F71-CF37-4531-BD8C-615108919E3D}.Release|Any CPU.ActiveCfg = Release|Any CPU
		{741D6F71-CF37-4531-BD8C-615108919E3D}.Release|Any CPU.Build.0 = Release|Any CPU
		{540118F7-8423-44B1-80FF-AB85A1997BE7}.Debug|Any CPU.ActiveCfg = Debug|Any CPU
		{540118F7-8423-44B1-80FF-AB85A1997BE7}.Debug|Any CPU.Build.0 = Debug|Any CPU
		{540118F7-8423-44B1-80FF-AB85A1997BE7}.Release|Any CPU.ActiveCfg = Release|Any CPU
		{540118F7-8423-44B1-80FF-AB85A1997BE7}.Release|Any CPU.Build.0 = Release|Any CPU
		{D0D0333E-C5CA-43F4-985C-5A67ABC0CEB8}.Debug|Any CPU.ActiveCfg = Debug|Any CPU
		{D0D0333E-C5CA-43F4-985C-5A67ABC0CEB8}.Debug|Any CPU.Build.0 = Debug|Any CPU
		{D0D0333E-C5CA-43F4-985C-5A67ABC0CEB8}.Release|Any CPU.ActiveCfg = Release|Any CPU
		{D0D0333E-C5CA-43F4-985C-5A67ABC0CEB8}.Release|Any CPU.Build.0 = Release|Any CPU
		{AFCD77A5-1805-4CAB-AC58-27EF707FE117}.Debug|Any CPU.ActiveCfg = Debug|Any CPU
		{AFCD77A5-1805-4CAB-AC58-27EF707FE117}.Debug|Any CPU.Build.0 = Debug|Any CPU
		{AFCD77A5-1805-4CAB-AC58-27EF707FE117}.Release|Any CPU.ActiveCfg = Release|Any CPU
		{AFCD77A5-1805-4CAB-AC58-27EF707FE117}.Release|Any CPU.Build.0 = Release|Any CPU
		{C040EAA0-86DD-403C-9624-6F7F7E869CC1}.Debug|Any CPU.ActiveCfg = Debug|Any CPU
		{C040EAA0-86DD-403C-9624-6F7F7E869CC1}.Debug|Any CPU.Build.0 = Debug|Any CPU
		{C040EAA0-86DD-403C-9624-6F7F7E869CC1}.Release|Any CPU.ActiveCfg = Release|Any CPU
		{C040EAA0-86DD-403C-9624-6F7F7E869CC1}.Release|Any CPU.Build.0 = Release|Any CPU
		{E5C1F4BF-D9AA-4D76-B6C2-54C18ADF8E02}.Debug|Any CPU.ActiveCfg = Debug|Any CPU
		{E5C1F4BF-D9AA-4D76-B6C2-54C18ADF8E02}.Debug|Any CPU.Build.0 = Debug|Any CPU
		{E5C1F4BF-D9AA-4D76-B6C2-54C18ADF8E02}.Release|Any CPU.ActiveCfg = Release|Any CPU
		{E5C1F4BF-D9AA-4D76-B6C2-54C18ADF8E02}.Release|Any CPU.Build.0 = Release|Any CPU
		{8B0682B9-DB9D-4F42-892F-6FD22F6A1663}.Debug|Any CPU.ActiveCfg = Debug|Any CPU
		{8B0682B9-DB9D-4F42-892F-6FD22F6A1663}.Debug|Any CPU.Build.0 = Debug|Any CPU
		{8B0682B9-DB9D-4F42-892F-6FD22F6A1663}.Release|Any CPU.ActiveCfg = Release|Any CPU
		{8B0682B9-DB9D-4F42-892F-6FD22F6A1663}.Release|Any CPU.Build.0 = Release|Any CPU
		{63348A8A-AD46-47F6-B4B6-BDB221465C72}.Debug|Any CPU.ActiveCfg = Debug|Any CPU
		{63348A8A-AD46-47F6-B4B6-BDB221465C72}.Debug|Any CPU.Build.0 = Debug|Any CPU
		{63348A8A-AD46-47F6-B4B6-BDB221465C72}.Release|Any CPU.ActiveCfg = Release|Any CPU
		{63348A8A-AD46-47F6-B4B6-BDB221465C72}.Release|Any CPU.Build.0 = Release|Any CPU
		{F7690B05-39F5-6EE2-CDB3-F09F7E29AA16}.Debug|Any CPU.ActiveCfg = Debug|Any CPU
		{F7690B05-39F5-6EE2-CDB3-F09F7E29AA16}.Debug|Any CPU.Build.0 = Debug|Any CPU
		{F7690B05-39F5-6EE2-CDB3-F09F7E29AA16}.Release|Any CPU.ActiveCfg = Release|Any CPU
		{F7690B05-39F5-6EE2-CDB3-F09F7E29AA16}.Release|Any CPU.Build.0 = Release|Any CPU
		{234970CE-1C69-477F-1CE5-4E018823EEA7}.Debug|Any CPU.ActiveCfg = Debug|Any CPU
		{234970CE-1C69-477F-1CE5-4E018823EEA7}.Debug|Any CPU.Build.0 = Debug|Any CPU
		{234970CE-1C69-477F-1CE5-4E018823EEA7}.Release|Any CPU.ActiveCfg = Release|Any CPU
		{234970CE-1C69-477F-1CE5-4E018823EEA7}.Release|Any CPU.Build.0 = Release|Any CPU
		{52902123-BDDE-9FCF-1DFF-0C737301F787}.Debug|Any CPU.ActiveCfg = Debug|Any CPU
		{52902123-BDDE-9FCF-1DFF-0C737301F787}.Debug|Any CPU.Build.0 = Debug|Any CPU
		{52902123-BDDE-9FCF-1DFF-0C737301F787}.Release|Any CPU.ActiveCfg = Release|Any CPU
		{52902123-BDDE-9FCF-1DFF-0C737301F787}.Release|Any CPU.Build.0 = Release|Any CPU
		{743D22BB-181E-7FDF-0362-48C758E5A8AB}.Debug|Any CPU.ActiveCfg = Debug|Any CPU
		{743D22BB-181E-7FDF-0362-48C758E5A8AB}.Debug|Any CPU.Build.0 = Debug|Any CPU
		{743D22BB-181E-7FDF-0362-48C758E5A8AB}.Release|Any CPU.ActiveCfg = Release|Any CPU
		{743D22BB-181E-7FDF-0362-48C758E5A8AB}.Release|Any CPU.Build.0 = Release|Any CPU
		{55DBED55-F915-8076-9094-02B9BFC745E4}.Debug|Any CPU.ActiveCfg = Debug|Any CPU
		{55DBED55-F915-8076-9094-02B9BFC745E4}.Debug|Any CPU.Build.0 = Debug|Any CPU
		{55DBED55-F915-8076-9094-02B9BFC745E4}.Release|Any CPU.ActiveCfg = Release|Any CPU
		{55DBED55-F915-8076-9094-02B9BFC745E4}.Release|Any CPU.Build.0 = Release|Any CPU
		{70DC4E8D-27E9-EDD9-8E47-4BE8842F346D}.Debug|Any CPU.ActiveCfg = Debug|Any CPU
		{70DC4E8D-27E9-EDD9-8E47-4BE8842F346D}.Debug|Any CPU.Build.0 = Debug|Any CPU
		{70DC4E8D-27E9-EDD9-8E47-4BE8842F346D}.Release|Any CPU.ActiveCfg = Release|Any CPU
		{70DC4E8D-27E9-EDD9-8E47-4BE8842F346D}.Release|Any CPU.Build.0 = Release|Any CPU
		{3AD1778E-E3A2-80D6-BA43-095B6D54EC83}.Debug|Any CPU.ActiveCfg = Debug|Any CPU
		{3AD1778E-E3A2-80D6-BA43-095B6D54EC83}.Debug|Any CPU.Build.0 = Debug|Any CPU
		{3AD1778E-E3A2-80D6-BA43-095B6D54EC83}.Release|Any CPU.ActiveCfg = Release|Any CPU
		{3AD1778E-E3A2-80D6-BA43-095B6D54EC83}.Release|Any CPU.Build.0 = Release|Any CPU
		{C14D8017-B67F-6668-93D6-AA30D89CEF32}.Debug|Any CPU.ActiveCfg = Debug|Any CPU
		{C14D8017-B67F-6668-93D6-AA30D89CEF32}.Debug|Any CPU.Build.0 = Debug|Any CPU
		{C14D8017-B67F-6668-93D6-AA30D89CEF32}.Release|Any CPU.ActiveCfg = Release|Any CPU
		{C14D8017-B67F-6668-93D6-AA30D89CEF32}.Release|Any CPU.Build.0 = Release|Any CPU
		{BCAE5AA0-4E60-5C5E-90BC-13A3FE6F7C62}.Debug|Any CPU.ActiveCfg = Debug|Any CPU
		{BCAE5AA0-4E60-5C5E-90BC-13A3FE6F7C62}.Debug|Any CPU.Build.0 = Debug|Any CPU
		{BCAE5AA0-4E60-5C5E-90BC-13A3FE6F7C62}.Release|Any CPU.ActiveCfg = Release|Any CPU
		{BCAE5AA0-4E60-5C5E-90BC-13A3FE6F7C62}.Release|Any CPU.Build.0 = Release|Any CPU
		{CE33CBC4-449A-1B86-0DD8-BDC7DD120109}.Debug|Any CPU.ActiveCfg = Debug|Any CPU
		{CE33CBC4-449A-1B86-0DD8-BDC7DD120109}.Debug|Any CPU.Build.0 = Debug|Any CPU
		{CE33CBC4-449A-1B86-0DD8-BDC7DD120109}.Release|Any CPU.ActiveCfg = Release|Any CPU
		{CE33CBC4-449A-1B86-0DD8-BDC7DD120109}.Release|Any CPU.Build.0 = Release|Any CPU
		{73125FC5-8468-3B26-5D3A-B23A788BFBEB}.Debug|Any CPU.ActiveCfg = Debug|Any CPU
		{73125FC5-8468-3B26-5D3A-B23A788BFBEB}.Debug|Any CPU.Build.0 = Debug|Any CPU
		{73125FC5-8468-3B26-5D3A-B23A788BFBEB}.Release|Any CPU.ActiveCfg = Release|Any CPU
		{73125FC5-8468-3B26-5D3A-B23A788BFBEB}.Release|Any CPU.Build.0 = Release|Any CPU
		{7B2DECE9-D834-3474-A782-648301277228}.Debug|Any CPU.ActiveCfg = Debug|Any CPU
		{7B2DECE9-D834-3474-A782-648301277228}.Debug|Any CPU.Build.0 = Debug|Any CPU
		{7B2DECE9-D834-3474-A782-648301277228}.Release|Any CPU.ActiveCfg = Release|Any CPU
		{7B2DECE9-D834-3474-A782-648301277228}.Release|Any CPU.Build.0 = Release|Any CPU
		{3ED2FEB8-A5CF-4C8D-893E-B306F19054FE}.Debug|Any CPU.ActiveCfg = Debug|Any CPU
		{3ED2FEB8-A5CF-4C8D-893E-B306F19054FE}.Debug|Any CPU.Build.0 = Debug|Any CPU
		{3ED2FEB8-A5CF-4C8D-893E-B306F19054FE}.Release|Any CPU.ActiveCfg = Release|Any CPU
		{3ED2FEB8-A5CF-4C8D-893E-B306F19054FE}.Release|Any CPU.Build.0 = Release|Any CPU
		{0039822E-89B6-D486-39C9-3E5F6929D315}.Debug|Any CPU.ActiveCfg = Debug|Any CPU
		{0039822E-89B6-D486-39C9-3E5F6929D315}.Debug|Any CPU.Build.0 = Debug|Any CPU
		{0039822E-89B6-D486-39C9-3E5F6929D315}.Debug|Any CPU.Deploy.0 = Debug|Any CPU
		{0039822E-89B6-D486-39C9-3E5F6929D315}.Release|Any CPU.ActiveCfg = Release|Any CPU
		{0039822E-89B6-D486-39C9-3E5F6929D315}.Release|Any CPU.Build.0 = Release|Any CPU
		{0039822E-89B6-D486-39C9-3E5F6929D315}.Release|Any CPU.Deploy.0 = Release|Any CPU
	EndGlobalSection
	GlobalSection(SolutionProperties) = preSolution
		HideSolutionNode = FALSE
	EndGlobalSection
	GlobalSection(NestedProjects) = preSolution
		{D5943F93-BB90-4E56-8F01-1E92C3A7D244} = {5C5C1E38-A09E-4F95-B668-02F17D453D95}
		{B3BA0F11-5166-4B35-BA2F-5E3E0E3D5B2F} = {D5943F93-BB90-4E56-8F01-1E92C3A7D244}
		{C4E7D0D1-F3A9-4B3E-8C1E-5B5E5E5E5E5E} = {D5943F93-BB90-4E56-8F01-1E92C3A7D244}
		{D5E7D0D1-F3A9-4B3E-8C1E-5B5E5E5E5E5E} = {D5943F93-BB90-4E56-8F01-1E92C3A7D244}
		{E6E7D0D1-F3A9-4B3E-8C1E-5B5E5E5E5E5E} = {D5943F93-BB90-4E56-8F01-1E92C3A7D244}
		{F7E7D0D1-F3A9-4B3E-8C1E-5B5E5E5E5E5E} = {D5943F93-BB90-4E56-8F01-1E92C3A7D244}
		{0744C7FD-CA5E-435D-B828-D1E00A9806B3} = {D5943F93-BB90-4E56-8F01-1E92C3A7D244}
		{E3DFAF6D-3760-4879-A42F-24A051778D20} = {D5943F93-BB90-4E56-8F01-1E92C3A7D244}
		{A1839C75-BDFF-417C-ACF3-552C481185D2} = {D5943F93-BB90-4E56-8F01-1E92C3A7D244}
		{A1943F93-BB90-4E56-8F01-1E92C3A7D244} = {5C5C1E38-A09E-4F95-B668-02F17D453D95}
		{B2943F93-BB90-4E56-8F01-1E92C3A7D244} = {A1943F93-BB90-4E56-8F01-1E92C3A7D244}
		{6EF15204-797A-43F6-BCA0-B8689F032AC2} = {B2943F93-BB90-4E56-8F01-1E92C3A7D244}
		{E9B95FC5-3405-424B-818E-C97373DC7B40} = {B2943F93-BB90-4E56-8F01-1E92C3A7D244}
		{4FD227D5-F3FA-42A9-B344-6D52923BD293} = {B2943F93-BB90-4E56-8F01-1E92C3A7D244}
		{B73F2EFA-9530-41FC-9E9F-5FE08F8FCF06} = {B2943F93-BB90-4E56-8F01-1E92C3A7D244}
		{C3943F93-BB90-4E56-8F01-1E92C3A7D244} = {A1943F93-BB90-4E56-8F01-1E92C3A7D244}
		{741D6F71-CF37-4531-BD8C-615108919E3D} = {C3943F93-BB90-4E56-8F01-1E92C3A7D244}
		{540118F7-8423-44B1-80FF-AB85A1997BE7} = {C3943F93-BB90-4E56-8F01-1E92C3A7D244}
		{D0D0333E-C5CA-43F4-985C-5A67ABC0CEB8} = {C3943F93-BB90-4E56-8F01-1E92C3A7D244}
		{AFCD77A5-1805-4CAB-AC58-27EF707FE117} = {C3943F93-BB90-4E56-8F01-1E92C3A7D244}
		{D4943F93-BB90-4E56-8F01-1E92C3A7D244} = {A1943F93-BB90-4E56-8F01-1E92C3A7D244}
		{C040EAA0-86DD-403C-9624-6F7F7E869CC1} = {D4943F93-BB90-4E56-8F01-1E92C3A7D244}
		{E5C1F4BF-D9AA-4D76-B6C2-54C18ADF8E02} = {D4943F93-BB90-4E56-8F01-1E92C3A7D244}
		{8B0682B9-DB9D-4F42-892F-6FD22F6A1663} = {D4943F93-BB90-4E56-8F01-1E92C3A7D244}
		{63348A8A-AD46-47F6-B4B6-BDB221465C72} = {D4943F93-BB90-4E56-8F01-1E92C3A7D244}
		{02EA681E-C7D8-13C7-8484-4AC65E1B71E8} = {A1943F93-BB90-4E56-8F01-1E92C3A7D244}
		{F7690B05-39F5-6EE2-CDB3-F09F7E29AA16} = {02EA681E-C7D8-13C7-8484-4AC65E1B71E8}
		{234970CE-1C69-477F-1CE5-4E018823EEA7} = {02EA681E-C7D8-13C7-8484-4AC65E1B71E8}
		{52902123-BDDE-9FCF-1DFF-0C737301F787} = {02EA681E-C7D8-13C7-8484-4AC65E1B71E8}
		{743D22BB-181E-7FDF-0362-48C758E5A8AB} = {02EA681E-C7D8-13C7-8484-4AC65E1B71E8}
		{9D998E6D-AE7E-41C9-84AC-16903C41D9F2} = {A1943F93-BB90-4E56-8F01-1E92C3A7D244}
		{55DBED55-F915-8076-9094-02B9BFC745E4} = {9D998E6D-AE7E-41C9-84AC-16903C41D9F2}
		{70DC4E8D-27E9-EDD9-8E47-4BE8842F346D} = {9D998E6D-AE7E-41C9-84AC-16903C41D9F2}
		{3AD1778E-E3A2-80D6-BA43-095B6D54EC83} = {9D998E6D-AE7E-41C9-84AC-16903C41D9F2}
		{C14D8017-B67F-6668-93D6-AA30D89CEF32} = {9D998E6D-AE7E-41C9-84AC-16903C41D9F2}
		{FD86D80E-19EE-4625-B446-B5CD7F201E53} = {A1943F93-BB90-4E56-8F01-1E92C3A7D244}
		{BCAE5AA0-4E60-5C5E-90BC-13A3FE6F7C62} = {FD86D80E-19EE-4625-B446-B5CD7F201E53}
		{CE33CBC4-449A-1B86-0DD8-BDC7DD120109} = {FD86D80E-19EE-4625-B446-B5CD7F201E53}
		{73125FC5-8468-3B26-5D3A-B23A788BFBEB} = {FD86D80E-19EE-4625-B446-B5CD7F201E53}
		{7B2DECE9-D834-3474-A782-648301277228} = {FD86D80E-19EE-4625-B446-B5CD7F201E53}
		{CC61EC89-1A91-4C68-ABF6-93EB269E5CE3} = {5C5C1E38-A09E-4F95-B668-02F17D453D95}
		{3ED2FEB8-A5CF-4C8D-893E-B306F19054FE} = {CC61EC89-1A91-4C68-ABF6-93EB269E5CE3}
		{D84BBD85-599F-4A9A-BC15-AA1A43CE7A35} = {5C5C1E38-A09E-4F95-B668-02F17D453D95}
		{0039822E-89B6-D486-39C9-3E5F6929D315} = {D84BBD85-599F-4A9A-BC15-AA1A43CE7A35}
	EndGlobalSection
	GlobalSection(ExtensibilityGlobals) = postSolution
		SolutionGuid = {FE4F625F-F50B-42C3-A611-24E69718A736}
	EndGlobalSection
EndGlobal
